// !$*UTF8*$!
{
	archiveVersion = 1;
	classes = {
	};
	objectVersion = 46;
	objects = {

/* Begin PBXBuildFile section */
		5DB0B15C19C58D2A00322D7D /* AppDelegate.swift in Sources */ = {isa = PBXBuildFile; fileRef = 5DB0B15B19C58D2A00322D7D /* AppDelegate.swift */; };
		5DB0B15E19C58D2A00322D7D /* ViewController.swift in Sources */ = {isa = PBXBuildFile; fileRef = 5DB0B15D19C58D2A00322D7D /* ViewController.swift */; };
		5DB0B16119C58D2A00322D7D /* Main.storyboard in Resources */ = {isa = PBXBuildFile; fileRef = 5DB0B15F19C58D2A00322D7D /* Main.storyboard */; };
		5DB0B16319C58D2A00322D7D /* Images.xcassets in Resources */ = {isa = PBXBuildFile; fileRef = 5DB0B16219C58D2A00322D7D /* Images.xcassets */; };
		5DB0B16619C58D2A00322D7D /* LaunchScreen.xib in Resources */ = {isa = PBXBuildFile; fileRef = 5DB0B16419C58D2A00322D7D /* LaunchScreen.xib */; };
		5DB0B17219C58D2A00322D7D /* Postcard___NewTests.swift in Sources */ = {isa = PBXBuildFile; fileRef = 5DB0B17119C58D2A00322D7D /* Postcard___NewTests.swift */; };
		5DB0B17C19C58DFB00322D7D /* AlbertEinsteinStamp.jpg in Resources */ = {isa = PBXBuildFile; fileRef = 5DB0B17B19C58DFB00322D7D /* AlbertEinsteinStamp.jpg */; };
		5DB0B17E19C58E0300322D7D /* SagradaFamilia.jpeg in Resources */ = {isa = PBXBuildFile; fileRef = 5DB0B17D19C58E0300322D7D /* SagradaFamilia.jpeg */; };
/* End PBXBuildFile section */

/* Begin PBXContainerItemProxy section */
		5DB0B16C19C58D2A00322D7D /* PBXContainerItemProxy */ = {
			isa = PBXContainerItemProxy;
			containerPortal = 5DB0B14E19C58D2A00322D7D /* Project object */;
			proxyType = 1;
			remoteGlobalIDString = 5DB0B15519C58D2A00322D7D;
			remoteInfo = "Postcard - New";
		};
/* End PBXContainerItemProxy section */

/* Begin PBXFileReference section */
		5DB0B15619C58D2A00322D7D /* Postcard - New.app */ = {isa = PBXFileReference; explicitFileType = wrapper.application; includeInIndex = 0; path = "Postcard - New.app"; sourceTree = BUILT_PRODUCTS_DIR; };
		5DB0B15A19C58D2A00322D7D /* Info.plist */ = {isa = PBXFileReference; lastKnownFileType = text.plist.xml; path = Info.plist; sourceTree = "<group>"; };
		5DB0B15B19C58D2A00322D7D /* AppDelegate.swift */ = {isa = PBXFileReference; lastKnownFileType = sourcecode.swift; path = AppDelegate.swift; sourceTree = "<group>"; };
		5DB0B15D19C58D2A00322D7D /* ViewController.swift */ = {isa = PBXFileReference; lastKnownFileType = sourcecode.swift; path = ViewController.swift; sourceTree = "<group>"; };
		5DB0B16019C58D2A00322D7D /* Base */ = {isa = PBXFileReference; lastKnownFileType = file.storyboard; name = Base; path = Base.lproj/Main.storyboard; sourceTree = "<group>"; };
		5DB0B16219C58D2A00322D7D /* Images.xcassets */ = {isa = PBXFileReference; lastKnownFileType = folder.assetcatalog; path = Images.xcassets; sourceTree = "<group>"; };
		5DB0B16519C58D2A00322D7D /* Base */ = {isa = PBXFileReference; lastKnownFileType = file.xib; name = Base; path = Base.lproj/LaunchScreen.xib; sourceTree = "<group>"; };
		5DB0B16B19C58D2A00322D7D /* Postcard - NewTests.xctest */ = {isa = PBXFileReference; explicitFileType = wrapper.cfbundle; includeInIndex = 0; path = "Postcard - NewTests.xctest"; sourceTree = BUILT_PRODUCTS_DIR; };
		5DB0B17019C58D2A00322D7D /* Info.plist */ = {isa = PBXFileReference; lastKnownFileType = text.plist.xml; path = Info.plist; sourceTree = "<group>"; };
		5DB0B17119C58D2A00322D7D /* Postcard___NewTests.swift */ = {isa = PBXFileReference; lastKnownFileType = sourcecode.swift; path = "Postcard___NewTests.swift"; sourceTree = "<group>"; };
		5DB0B17B19C58DFB00322D7D /* AlbertEinsteinStamp.jpg */ = {isa = PBXFileReference; lastKnownFileType = image.jpeg; path = AlbertEinsteinStamp.jpg; sourceTree = "<group>"; };
		5DB0B17D19C58E0300322D7D /* SagradaFamilia.jpeg */ = {isa = PBXFileReference; lastKnownFileType = image.jpeg; path = SagradaFamilia.jpeg; sourceTree = "<group>"; };
/* End PBXFileReference section */

/* Begin PBXFrameworksBuildPhase section */
		5DB0B15319C58D2A00322D7D /* Frameworks */ = {
			isa = PBXFrameworksBuildPhase;
			buildActionMask = 2147483647;
			files = (
			);
			runOnlyForDeploymentPostprocessing = 0;
		};
		5DB0B16819C58D2A00322D7D /* Frameworks */ = {
			isa = PBXFrameworksBuildPhase;
			buildActionMask = 2147483647;
			files = (
			);
			runOnlyForDeploymentPostprocessing = 0;
		};
/* End PBXFrameworksBuildPhase section */

/* Begin PBXGroup section */
		5DB0B14D19C58D2A00322D7D = {
			isa = PBXGroup;
			children = (
				5DB0B15819C58D2A00322D7D /* Postcard - New */,
				5DB0B16E19C58D2A00322D7D /* Postcard - NewTests */,
				5DB0B15719C58D2A00322D7D /* Products */,
			);
			sourceTree = "<group>";
		};
		5DB0B15719C58D2A00322D7D /* Products */ = {
			isa = PBXGroup;
			children = (
				5DB0B15619C58D2A00322D7D /* Postcard - New.app */,
				5DB0B16B19C58D2A00322D7D /* Postcard - NewTests.xctest */,
			);
			name = Products;
			sourceTree = "<group>";
		};
		5DB0B15819C58D2A00322D7D /* Postcard - New */ = {
			isa = PBXGroup;
			children = (
				5DB0B15B19C58D2A00322D7D /* AppDelegate.swift */,
				5DB0B15D19C58D2A00322D7D /* ViewController.swift */,
				5DB0B15F19C58D2A00322D7D /* Main.storyboard */,
				5DB0B16219C58D2A00322D7D /* Images.xcassets */,
				5DB0B16419C58D2A00322D7D /* LaunchScreen.xib */,
				5DB0B15919C58D2A00322D7D /* Supporting Files */,
			);
			path = "Postcard - New";
			sourceTree = "<group>";
		};
		5DB0B15919C58D2A00322D7D /* Supporting Files */ = {
			isa = PBXGroup;
			children = (
				5DB0B17D19C58E0300322D7D /* SagradaFamilia.jpeg */,
				5DB0B17B19C58DFB00322D7D /* AlbertEinsteinStamp.jpg */,
				5DB0B15A19C58D2A00322D7D /* Info.plist */,
			);
			name = "Supporting Files";
			sourceTree = "<group>";
		};
		5DB0B16E19C58D2A00322D7D /* Postcard - NewTests */ = {
			isa = PBXGroup;
			children = (
				5DB0B17119C58D2A00322D7D /* Postcard___NewTests.swift */,
				5DB0B16F19C58D2A00322D7D /* Supporting Files */,
			);
			path = "Postcard - NewTests";
			sourceTree = "<group>";
		};
		5DB0B16F19C58D2A00322D7D /* Supporting Files */ = {
			isa = PBXGroup;
			children = (
				5DB0B17019C58D2A00322D7D /* Info.plist */,
			);
			name = "Supporting Files";
			sourceTree = "<group>";
		};
/* End PBXGroup section */

/* Begin PBXNativeTarget section */
		5DB0B15519C58D2A00322D7D /* Postcard - New */ = {
			isa = PBXNativeTarget;
			buildConfigurationList = 5DB0B17519C58D2A00322D7D /* Build configuration list for PBXNativeTarget "Postcard - New" */;
			buildPhases = (
				5DB0B15219C58D2A00322D7D /* Sources */,
				5DB0B15319C58D2A00322D7D /* Frameworks */,
				5DB0B15419C58D2A00322D7D /* Resources */,
			);
			buildRules = (
			);
			dependencies = (
			);
			name = "Postcard - New";
			productName = "Postcard - New";
			productReference = 5DB0B15619C58D2A00322D7D /* Postcard - New.app */;
			productType = "com.apple.product-type.application";
		};
		5DB0B16A19C58D2A00322D7D /* Postcard - NewTests */ = {
			isa = PBXNativeTarget;
			buildConfigurationList = 5DB0B17819C58D2A00322D7D /* Build configuration list for PBXNativeTarget "Postcard - NewTests" */;
			buildPhases = (
				5DB0B16719C58D2A00322D7D /* Sources */,
				5DB0B16819C58D2A00322D7D /* Frameworks */,
				5DB0B16919C58D2A00322D7D /* Resources */,
			);
			buildRules = (
			);
			dependencies = (
				5DB0B16D19C58D2A00322D7D /* PBXTargetDependency */,
			);
			name = "Postcard - NewTests";
			productName = "Postcard - NewTests";
			productReference = 5DB0B16B19C58D2A00322D7D /* Postcard - NewTests.xctest */;
			productType = "com.apple.product-type.bundle.unit-test";
		};
/* End PBXNativeTarget section */

/* Begin PBXProject section */
		5DB0B14E19C58D2A00322D7D /* Project object */ = {
			isa = PBXProject;
			attributes = {
				LastUpgradeCheck = 0600;
				ORGANIZATIONNAME = ankurchdry;
				TargetAttributes = {
					5DB0B15519C58D2A00322D7D = {
						CreatedOnToolsVersion = 6.0;
					};
					5DB0B16A19C58D2A00322D7D = {
						CreatedOnToolsVersion = 6.0;
						TestTargetID = 5DB0B15519C58D2A00322D7D;
					};
				};
			};
			buildConfigurationList = 5DB0B15119C58D2A00322D7D /* Build configuration list for PBXProject "Postcard - New" */;
			compatibilityVersion = "Xcode 3.2";
			developmentRegion = English;
			hasScannedForEncodings = 0;
			knownRegions = (
				en,
				Base,
			);
			mainGroup = 5DB0B14D19C58D2A00322D7D;
			productRefGroup = 5DB0B15719C58D2A00322D7D /* Products */;
			projectDirPath = "";
			projectRoot = "";
			targets = (
				5DB0B15519C58D2A00322D7D /* Postcard - New */,
				5DB0B16A19C58D2A00322D7D /* Postcard - NewTests */,
			);
		};
/* End PBXProject section */

/* Begin PBXResourcesBuildPhase section */
		5DB0B15419C58D2A00322D7D /* Resources */ = {
			isa = PBXResourcesBuildPhase;
			buildActionMask = 2147483647;
			files = (
				5DB0B17C19C58DFB00322D7D /* AlbertEinsteinStamp.jpg in Resources */,
				5DB0B16119C58D2A00322D7D /* Main.storyboard in Resources */,
				5DB0B16619C58D2A00322D7D /* LaunchScreen.xib in Resources */,
				5DB0B16319C58D2A00322D7D /* Images.xcassets in Resources */,
				5DB0B17E19C58E0300322D7D /* SagradaFamilia.jpeg in Resources */,
			);
			runOnlyForDeploymentPostprocessing = 0;
		};
		5DB0B16919C58D2A00322D7D /* Resources */ = {
			isa = PBXResourcesBuildPhase;
			buildActionMask = 2147483647;
			files = (
			);
			runOnlyForDeploymentPostprocessing = 0;
		};
/* End PBXResourcesBuildPhase section */

/* Begin PBXSourcesBuildPhase section */
		5DB0B15219C58D2A00322D7D /* Sources */ = {
			isa = PBXSourcesBuildPhase;
			buildActionMask = 2147483647;
			files = (
				5DB0B15E19C58D2A00322D7D /* ViewController.swift in Sources */,
				5DB0B15C19C58D2A00322D7D /* AppDelegate.swift in Sources */,
			);
			runOnlyForDeploymentPostprocessing = 0;
		};
		5DB0B16719C58D2A00322D7D /* Sources */ = {
			isa = PBXSourcesBuildPhase;
			buildActionMask = 2147483647;
			files = (
				5DB0B17219C58D2A00322D7D /* Postcard___NewTests.swift in Sources */,
			);
			runOnlyForDeploymentPostprocessing = 0;
		};
/* End PBXSourcesBuildPhase section */

/* Begin PBXTargetDependency section */
		5DB0B16D19C58D2A00322D7D /* PBXTargetDependency */ = {
			isa = PBXTargetDependency;
			target = 5DB0B15519C58D2A00322D7D /* Postcard - New */;
			targetProxy = 5DB0B16C19C58D2A00322D7D /* PBXContainerItemProxy */;
		};
/* End PBXTargetDependency section */

/* Begin PBXVariantGroup section */
		5DB0B15F19C58D2A00322D7D /* Main.storyboard */ = {
			isa = PBXVariantGroup;
			children = (
				5DB0B16019C58D2A00322D7D /* Base */,
			);
			name = Main.storyboard;
			sourceTree = "<group>";
		};
		5DB0B16419C58D2A00322D7D /* LaunchScreen.xib */ = {
			isa = PBXVariantGroup;
			children = (
				5DB0B16519C58D2A00322D7D /* Base */,
			);
			name = LaunchScreen.xib;
			sourceTree = "<group>";
		};
/* End PBXVariantGroup section */

/* Begin XCBuildConfiguration section */
		5DB0B17319C58D2A00322D7D /* Debug */ = {
			isa = XCBuildConfiguration;
			buildSettings = {
				ALWAYS_SEARCH_USER_PATHS = NO;
				CLANG_CXX_LANGUAGE_STANDARD = "gnu++0x";
				CLANG_CXX_LIBRARY = "libc++";
				CLANG_ENABLE_MODULES = YES;
				CLANG_ENABLE_OBJC_ARC = YES;
				CLANG_WARN_BOOL_CONVERSION = YES;
				CLANG_WARN_CONSTANT_CONVERSION = YES;
				CLANG_WARN_DIRECT_OBJC_ISA_USAGE = YES_ERROR;
				CLANG_WARN_EMPTY_BODY = YES;
				CLANG_WARN_ENUM_CONVERSION = YES;
				CLANG_WARN_INT_CONVERSION = YES;
				CLANG_WARN_OBJC_ROOT_CLASS = YES_ERROR;
				CLANG_WARN_UNREACHABLE_CODE = YES;
				CLANG_WARN__DUPLICATE_METHOD_MATCH = YES;
				"CODE_SIGN_IDENTITY[sdk=iphoneos*]" = "iPhone Developer";
				COPY_PHASE_STRIP = NO;
				ENABLE_STRICT_OBJC_MSGSEND = YES;
				GCC_C_LANGUAGE_STANDARD = gnu99;
				GCC_DYNAMIC_NO_PIC = NO;
				GCC_OPTIMIZATION_LEVEL = 0;
				GCC_PREPROCESSOR_DEFINITIONS = (
					"DEBUG=1",
					"$(inherited)",
				);
				GCC_SYMBOLS_PRIVATE_EXTERN = NO;
				GCC_WARN_64_TO_32_BIT_CONVERSION = YES;
				GCC_WARN_ABOUT_RETURN_TYPE = YES_ERROR;
				GCC_WARN_UNDECLARED_SELECTOR = YES;
				GCC_WARN_UNINITIALIZED_AUTOS = YES_AGGRESSIVE;
				GCC_WARN_UNUSED_FUNCTION = YES;
				GCC_WARN_UNUSED_VARIABLE = YES;
				IPHONEOS_DEPLOYMENT_TARGET = 8.0;
				MTL_ENABLE_DEBUG_INFO = YES;
				ONLY_ACTIVE_ARCH = YES;
				SDKROOT = iphoneos;
				SWIFT_OPTIMIZATION_LEVEL = "-Onone";
			};
			name = Debug;
		};
		5DB0B17419C58D2A00322D7D /* Release */ = {
			isa = XCBuildConfiguration;
			buildSettings = {
				ALWAYS_SEARCH_USER_PATHS = NO;
				CLANG_CXX_LANGUAGE_STANDARD = "gnu++0x";
				CLANG_CXX_LIBRARY = "libc++";
				CLANG_ENABLE_MODULES = YES;
				CLANG_ENABLE_OBJC_ARC = YES;
				CLANG_WARN_BOOL_CONVERSION = YES;
				CLANG_WARN_CONSTANT_CONVERSION = YES;
				CLANG_WARN_DIRECT_OBJC_ISA_USAGE = YES_ERROR;
				CLANG_WARN_EMPTY_BODY = YES;
				CLANG_WARN_ENUM_CONVERSION = YES;
				CLANG_WARN_INT_CONVERSION = YES;
				CLANG_WARN_OBJC_ROOT_CLASS = YES_ERROR;
				CLANG_WARN_UNREACHABLE_CODE = YES;
				CLANG_WARN__DUPLICATE_METHOD_MATCH = YES;
				"CODE_SIGN_IDENTITY[sdk=iphoneos*]" = "iPhone Developer";
				COPY_PHASE_STRIP = YES;
				ENABLE_NS_ASSERTIONS = NO;
				ENABLE_STRICT_OBJC_MSGSEND = YES;
				GCC_C_LANGUAGE_STANDARD = gnu99;
				GCC_WARN_64_TO_32_BIT_CONVERSION = YES;
				GCC_WARN_ABOUT_RETURN_TYPE = YES_ERROR;
				GCC_WARN_UNDECLARED_SELECTOR = YES;
				GCC_WARN_UNINITIALIZED_AUTOS = YES_AGGRESSIVE;
				GCC_WARN_UNUSED_FUNCTION = YES;
				GCC_WARN_UNUSED_VARIABLE = YES;
				IPHONEOS_DEPLOYMENT_TARGET = 8.0;
				MTL_ENABLE_DEBUG_INFO = NO;
				SDKROOT = iphoneos;
				VALIDATE_PRODUCT = YES;
			};
			name = Release;
		};
		5DB0B17619C58D2A00322D7D /* Debug */ = {
			isa = XCBuildConfiguration;
			buildSettings = {
				ASSETCATALOG_COMPILER_APPICON_NAME = AppIcon;
				INFOPLIST_FILE = "Postcard - New/Info.plist";
				LD_RUNPATH_SEARCH_PATHS = "$(inherited) @executable_path/Frameworks";
				PRODUCT_NAME = "$(TARGET_NAME)";
			};
			name = Debug;
		};
		5DB0B17719C58D2A00322D7D /* Release */ = {
			isa = XCBuildConfiguration;
			buildSettings = {
				ASSETCATALOG_COMPILER_APPICON_NAME = AppIcon;
				INFOPLIST_FILE = "Postcard - New/Info.plist";
				LD_RUNPATH_SEARCH_PATHS = "$(inherited) @executable_path/Frameworks";
				PRODUCT_NAME = "$(TARGET_NAME)";
			};
			name = Release;
		};
		5DB0B17919C58D2A00322D7D /* Debug */ = {
			isa = XCBuildConfiguration;
			buildSettings = {
				BUNDLE_LOADER = "$(TEST_HOST)";
				FRAMEWORK_SEARCH_PATHS = (
					"$(SDKROOT)/Developer/Library/Frameworks",
					"$(inherited)",
				);
				GCC_PREPROCESSOR_DEFINITIONS = (
					"DEBUG=1",
					"$(inherited)",
				);
				INFOPLIST_FILE = "Postcard - NewTests/Info.plist";
				LD_RUNPATH_SEARCH_PATHS = "$(inherited) @executable_path/Frameworks @loader_path/Frameworks";
				PRODUCT_NAME = "$(TARGET_NAME)";
				TEST_HOST = "$(BUILT_PRODUCTS_DIR)/Postcard - New.app/Postcard - New";
			};
			name = Debug;
		};
		5DB0B17A19C58D2A00322D7D /* Release */ = {
			isa = XCBuildConfiguration;
			buildSettings = {
				BUNDLE_LOADER = "$(TEST_HOST)";
				FRAMEWORK_SEARCH_PATHS = (
					"$(SDKROOT)/Developer/Library/Frameworks",
					"$(inherited)",
				);
				INFOPLIST_FILE = "Postcard - NewTests/Info.plist";
				LD_RUNPATH_SEARCH_PATHS = "$(inherited) @executable_path/Frameworks @loader_path/Frameworks";
				PRODUCT_NAME = "$(TARGET_NAME)";
				TEST_HOST = "$(BUILT_PRODUCTS_DIR)/Postcard - New.app/Postcard - New";
			};
			name = Release;
		};
/* End XCBuildConfiguration section */

/* Begin XCConfigurationList section */
		5DB0B15119C58D2A00322D7D /* Build configuration list for PBXProject "Postcard - New" */ = {
			isa = XCConfigurationList;
			buildConfigurations = (
				5DB0B17319C58D2A00322D7D /* Debug */,
				5DB0B17419C58D2A00322D7D /* Release */,
			);
			defaultConfigurationIsVisible = 0;
			defaultConfigurationName = Release;
		};
		5DB0B17519C58D2A00322D7D /* Build configuration list for PBXNativeTarget "Postcard - New" */ = {
			isa = XCConfigurationList;
			buildConfigurations = (
				5DB0B17619C58D2A00322D7D /* Debug */,
				5DB0B17719C58D2A00322D7D /* Release */,
			);
			defaultConfigurationIsVisible = 0;
		};
		5DB0B17819C58D2A00322D7D /* Build configuration list for PBXNativeTarget "Postcard - NewTests" */ = {
			isa = XCConfigurationList;
			buildConfigurations = (
				5DB0B17919C58D2A00322D7D /* Debug */,
				5DB0B17A19C58D2A00322D7D /* Release */,
			);
			defaultConfigurationIsVisible = 0;
		};
/* End XCConfigurationList section */
	};
	rootObject = 5DB0B14E19C58D2A00322D7D /* Project object */;
}
